// !$*UTF8*$!
{
	archiveVersion = 1;
	classes = {
	};
	objectVersion = 50;
	objects = {

/* Begin PBXBuildFile section */
		BF506BB726AA99C600985E24 /* AppDelegate.swift in Sources */ = {isa = PBXBuildFile; fileRef = BF506BB626AA99C600985E24 /* AppDelegate.swift */; };
		BF506BB926AA99C600985E24 /* SceneDelegate.swift in Sources */ = {isa = PBXBuildFile; fileRef = BF506BB826AA99C600985E24 /* SceneDelegate.swift */; };
		BF506BBE26AA99C600985E24 /* Main.storyboard in Resources */ = {isa = PBXBuildFile; fileRef = BF506BBC26AA99C600985E24 /* Main.storyboard */; };
		BF506BC026AA99C800985E24 /* Assets.xcassets in Resources */ = {isa = PBXBuildFile; fileRef = BF506BBF26AA99C800985E24 /* Assets.xcassets */; };
		BF506BC326AA99C800985E24 /* LaunchScreen.storyboard in Resources */ = {isa = PBXBuildFile; fileRef = BF506BC126AA99C800985E24 /* LaunchScreen.storyboard */; };
		BF506BCC26AA9A3300985E24 /* FoodListViewController.swift in Sources */ = {isa = PBXBuildFile; fileRef = BF506BCB26AA9A3300985E24 /* FoodListViewController.swift */; };
		BF506BD326AA9B2800985E24 /* FoodManager.swift in Sources */ = {isa = PBXBuildFile; fileRef = BF506BD226AA9B2800985E24 /* FoodManager.swift */; };
		BF506BD826AA9CD900985E24 /* FoodModel.swift in Sources */ = {isa = PBXBuildFile; fileRef = BF506BD726AA9CD900985E24 /* FoodModel.swift */; };
		BF506C0026AAF28900985E24 /* Foodie.xcdatamodeld in Sources */ = {isa = PBXBuildFile; fileRef = BF506BFE26AAF28900985E24 /* Foodie.xcdatamodeld */; };
		BF506C0426AB42B300985E24 /* FoodTableViewCell.swift in Sources */ = {isa = PBXBuildFile; fileRef = BF506C0326AB42B300985E24 /* FoodTableViewCell.swift */; };
		BFFE3DF226AD229100A9ACFB /* Constants.swift in Sources */ = {isa = PBXBuildFile; fileRef = BFFE3DF126AD229100A9ACFB /* Constants.swift */; };
/* End PBXBuildFile section */

/* Begin PBXFileReference section */
		BF506BB326AA99C600985E24 /* Foodie.app */ = {isa = PBXFileReference; explicitFileType = wrapper.application; includeInIndex = 0; path = Foodie.app; sourceTree = BUILT_PRODUCTS_DIR; };
		BF506BB626AA99C600985E24 /* AppDelegate.swift */ = {isa = PBXFileReference; lastKnownFileType = sourcecode.swift; path = AppDelegate.swift; sourceTree = "<group>"; };
		BF506BB826AA99C600985E24 /* SceneDelegate.swift */ = {isa = PBXFileReference; lastKnownFileType = sourcecode.swift; path = SceneDelegate.swift; sourceTree = "<group>"; };
		BF506BBD26AA99C600985E24 /* Base */ = {isa = PBXFileReference; lastKnownFileType = file.storyboard; name = Base; path = Base.lproj/Main.storyboard; sourceTree = "<group>"; };
		BF506BBF26AA99C800985E24 /* Assets.xcassets */ = {isa = PBXFileReference; lastKnownFileType = folder.assetcatalog; path = Assets.xcassets; sourceTree = "<group>"; };
		BF506BC226AA99C800985E24 /* Base */ = {isa = PBXFileReference; lastKnownFileType = file.storyboard; name = Base; path = Base.lproj/LaunchScreen.storyboard; sourceTree = "<group>"; };
		BF506BC426AA99C800985E24 /* Info.plist */ = {isa = PBXFileReference; lastKnownFileType = text.plist.xml; path = Info.plist; sourceTree = "<group>"; };
		BF506BCB26AA9A3300985E24 /* FoodListViewController.swift */ = {isa = PBXFileReference; lastKnownFileType = sourcecode.swift; path = FoodListViewController.swift; sourceTree = "<group>"; };
		BF506BD226AA9B2800985E24 /* FoodManager.swift */ = {isa = PBXFileReference; lastKnownFileType = sourcecode.swift; path = FoodManager.swift; sourceTree = "<group>"; };
		BF506BD726AA9CD900985E24 /* FoodModel.swift */ = {isa = PBXFileReference; lastKnownFileType = sourcecode.swift; path = FoodModel.swift; sourceTree = "<group>"; };
		BF506BFF26AAF28900985E24 /* Foodie.xcdatamodel */ = {isa = PBXFileReference; lastKnownFileType = wrapper.xcdatamodel; path = Foodie.xcdatamodel; sourceTree = "<group>"; };
		BF506C0326AB42B300985E24 /* FoodTableViewCell.swift */ = {isa = PBXFileReference; lastKnownFileType = sourcecode.swift; path = FoodTableViewCell.swift; sourceTree = "<group>"; };
		BFFE3DF126AD229100A9ACFB /* Constants.swift */ = {isa = PBXFileReference; lastKnownFileType = sourcecode.swift; path = Constants.swift; sourceTree = "<group>"; };
/* End PBXFileReference section */

/* Begin PBXFrameworksBuildPhase section */
		BF506BB026AA99C600985E24 /* Frameworks */ = {
			isa = PBXFrameworksBuildPhase;
			buildActionMask = 2147483647;
			files = (
			);
			runOnlyForDeploymentPostprocessing = 0;
		};
/* End PBXFrameworksBuildPhase section */

/* Begin PBXGroup section */
		BF506BAA26AA99C600985E24 = {
			isa = PBXGroup;
			children = (
				BF506BB526AA99C600985E24 /* Foodie */,
				BF506BB426AA99C600985E24 /* Products */,
			);
			sourceTree = "<group>";
		};
		BF506BB426AA99C600985E24 /* Products */ = {
			isa = PBXGroup;
			children = (
				BF506BB326AA99C600985E24 /* Foodie.app */,
			);
			name = Products;
			sourceTree = "<group>";
		};
		BF506BB526AA99C600985E24 /* Foodie */ = {
			isa = PBXGroup;
			children = (
				BF506BB626AA99C600985E24 /* AppDelegate.swift */,
				BF506BB826AA99C600985E24 /* SceneDelegate.swift */,
				BF506BD026AA9A5200985E24 /* View */,
				BF506BBF26AA99C800985E24 /* Assets.xcassets */,
				BF506BC426AA99C800985E24 /* Info.plist */,
				BF506BCE26AA9A3E00985E24 /* Controller */,
				BF506BD526AA9B2E00985E24 /* Model */,
				BF506BFE26AAF28900985E24 /* Foodie.xcdatamodeld */,
				BFFE3DF126AD229100A9ACFB /* Constants.swift */,
			);
			path = Foodie;
			sourceTree = "<group>";
		};
		BF506BCE26AA9A3E00985E24 /* Controller */ = {
			isa = PBXGroup;
			children = (
				BF506BCB26AA9A3300985E24 /* FoodListViewController.swift */,
			);
			path = Controller;
			sourceTree = "<group>";
		};
		BF506BD026AA9A5200985E24 /* View */ = {
			isa = PBXGroup;
			children = (
				BF506BBC26AA99C600985E24 /* Main.storyboard */,
				BF506BC126AA99C800985E24 /* LaunchScreen.storyboard */,
				BF506C0326AB42B300985E24 /* FoodTableViewCell.swift */,
			);
			path = View;
			sourceTree = "<group>";
		};
		BF506BD526AA9B2E00985E24 /* Model */ = {
			isa = PBXGroup;
			children = (
				BF506BD226AA9B2800985E24 /* FoodManager.swift */,
				BF506BD726AA9CD900985E24 /* FoodModel.swift */,
			);
			path = Model;
			sourceTree = "<group>";
		};
/* End PBXGroup section */

/* Begin PBXNativeTarget section */
		BF506BB226AA99C600985E24 /* Foodie */ = {
			isa = PBXNativeTarget;
			buildConfigurationList = BF506BC726AA99C800985E24 /* Build configuration list for PBXNativeTarget "Foodie" */;
			buildPhases = (
				BF506BAF26AA99C600985E24 /* Sources */,
				BF506BB026AA99C600985E24 /* Frameworks */,
				BF506BB126AA99C600985E24 /* Resources */,
			);
			buildRules = (
			);
			dependencies = (
			);
			name = Foodie;
			productName = Foodie;
			productReference = BF506BB326AA99C600985E24 /* Foodie.app */;
			productType = "com.apple.product-type.application";
		};
/* End PBXNativeTarget section */

/* Begin PBXProject section */
		BF506BAB26AA99C600985E24 /* Project object */ = {
			isa = PBXProject;
			attributes = {
				LastSwiftUpdateCheck = 1240;
				LastUpgradeCheck = 1240;
				TargetAttributes = {
					BF506BB226AA99C600985E24 = {
						CreatedOnToolsVersion = 12.4;
					};
				};
			};
			buildConfigurationList = BF506BAE26AA99C600985E24 /* Build configuration list for PBXProject "Foodie" */;
			compatibilityVersion = "Xcode 9.3";
			developmentRegion = en;
			hasScannedForEncodings = 0;
			knownRegions = (
				en,
				Base,
			);
			mainGroup = BF506BAA26AA99C600985E24;
			productRefGroup = BF506BB426AA99C600985E24 /* Products */;
			projectDirPath = "";
			projectRoot = "";
			targets = (
				BF506BB226AA99C600985E24 /* Foodie */,
			);
		};
/* End PBXProject section */

/* Begin PBXResourcesBuildPhase section */
		BF506BB126AA99C600985E24 /* Resources */ = {
			isa = PBXResourcesBuildPhase;
			buildActionMask = 2147483647;
			files = (
				BF506BC326AA99C800985E24 /* LaunchScreen.storyboard in Resources */,
				BF506BC026AA99C800985E24 /* Assets.xcassets in Resources */,
				BF506BBE26AA99C600985E24 /* Main.storyboard in Resources */,
			);
			runOnlyForDeploymentPostprocessing = 0;
		};
/* End PBXResourcesBuildPhase section */

/* Begin PBXSourcesBuildPhase section */
		BF506BAF26AA99C600985E24 /* Sources */ = {
			isa = PBXSourcesBuildPhase;
			buildActionMask = 2147483647;
			files = (
				BF506BD826AA9CD900985E24 /* FoodModel.swift in Sources */,
				BF506C0026AAF28900985E24 /* Foodie.xcdatamodeld in Sources */,
				BF506BB726AA99C600985E24 /* AppDelegate.swift in Sources */,
				BF506C0426AB42B300985E24 /* FoodTableViewCell.swift in Sources */,
				BF506BCC26AA9A3300985E24 /* FoodListViewController.swift in Sources */,
				BF506BB926AA99C600985E24 /* SceneDelegate.swift in Sources */,
				BF506BD326AA9B2800985E24 /* FoodManager.swift in Sources */,
				BFFE3DF226AD229100A9ACFB /* Constants.swift in Sources */,
			);
			runOnlyForDeploymentPostprocessing = 0;
		};
/* End PBXSourcesBuildPhase section */

/* Begin PBXVariantGroup section */
		BF506BBC26AA99C600985E24 /* Main.storyboard */ = {
			isa = PBXVariantGroup;
			children = (
				BF506BBD26AA99C600985E24 /* Base */,
			);
			name = Main.storyboard;
			sourceTree = "<group>";
		};
		BF506BC126AA99C800985E24 /* LaunchScreen.storyboard */ = {
			isa = PBXVariantGroup;
			children = (
				BF506BC226AA99C800985E24 /* Base */,
			);
			name = LaunchScreen.storyboard;
			sourceTree = "<group>";
		};
/* End PBXVariantGroup section */

/* Begin XCBuildConfiguration section */
		BF506BC526AA99C800985E24 /* Debug */ = {
			isa = XCBuildConfiguration;
			buildSettings = {
				ALWAYS_SEARCH_USER_PATHS = NO;
				CLANG_ANALYZER_NONNULL = YES;
				CLANG_ANALYZER_NUMBER_OBJECT_CONVERSION = YES_AGGRESSIVE;
				CLANG_CXX_LANGUAGE_STANDARD = "gnu++14";
				CLANG_CXX_LIBRARY = "libc++";
				CLANG_ENABLE_MODULES = YES;
				CLANG_ENABLE_OBJC_ARC = YES;
				CLANG_ENABLE_OBJC_WEAK = YES;
				CLANG_WARN_BLOCK_CAPTURE_AUTORELEASING = YES;
				CLANG_WARN_BOOL_CONVERSION = YES;
				CLANG_WARN_COMMA = YES;
				CLANG_WARN_CONSTANT_CONVERSION = YES;
				CLANG_WARN_DEPRECATED_OBJC_IMPLEMENTATIONS = YES;
				CLANG_WARN_DIRECT_OBJC_ISA_USAGE = YES_ERROR;
				CLANG_WARN_DOCUMENTATION_COMMENTS = YES;
				CLANG_WARN_EMPTY_BODY = YES;
				CLANG_WARN_ENUM_CONVERSION = YES;
				CLANG_WARN_INFINITE_RECURSION = YES;
				CLANG_WARN_INT_CONVERSION = YES;
				CLANG_WARN_NON_LITERAL_NULL_CONVERSION = YES;
				CLANG_WARN_OBJC_IMPLICIT_RETAIN_SELF = YES;
				CLANG_WARN_OBJC_LITERAL_CONVERSION = YES;
				CLANG_WARN_OBJC_ROOT_CLASS = YES_ERROR;
				CLANG_WARN_QUOTED_INCLUDE_IN_FRAMEWORK_HEADER = YES;
				CLANG_WARN_RANGE_LOOP_ANALYSIS = YES;
				CLANG_WARN_STRICT_PROTOTYPES = YES;
				CLANG_WARN_SUSPICIOUS_MOVE = YES;
				CLANG_WARN_UNGUARDED_AVAILABILITY = YES_AGGRESSIVE;
				CLANG_WARN_UNREACHABLE_CODE = YES;
				CLANG_WARN__DUPLICATE_METHOD_MATCH = YES;
				COPY_PHASE_STRIP = NO;
				DEBUG_INFORMATION_FORMAT = dwarf;
				ENABLE_STRICT_OBJC_MSGSEND = YES;
				ENABLE_TESTABILITY = YES;
				GCC_C_LANGUAGE_STANDARD = gnu11;
				GCC_DYNAMIC_NO_PIC = NO;
				GCC_NO_COMMON_BLOCKS = YES;
				GCC_OPTIMIZATION_LEVEL = 0;
				GCC_PREPROCESSOR_DEFINITIONS = (
					"DEBUG=1",
					"$(inherited)",
				);
				GCC_WARN_64_TO_32_BIT_CONVERSION = YES;
				GCC_WARN_ABOUT_RETURN_TYPE = YES_ERROR;
				GCC_WARN_UNDECLARED_SELECTOR = YES;
				GCC_WARN_UNINITIALIZED_AUTOS = YES_AGGRESSIVE;
				GCC_WARN_UNUSED_FUNCTION = YES;
				GCC_WARN_UNUSED_VARIABLE = YES;
				IPHONEOS_DEPLOYMENT_TARGET = 14.4;
				MTL_ENABLE_DEBUG_INFO = INCLUDE_SOURCE;
				MTL_FAST_MATH = YES;
				ONLY_ACTIVE_ARCH = YES;
				SDKROOT = iphoneos;
				SWIFT_ACTIVE_COMPILATION_CONDITIONS = DEBUG;
				SWIFT_OPTIMIZATION_LEVEL = "-Onone";
			};
			name = Debug;
		};
		BF506BC626AA99C800985E24 /* Release */ = {
			isa = XCBuildConfiguration;
			buildSettings = {
				ALWAYS_SEARCH_USER_PATHS = NO;
				CLANG_ANALYZER_NONNULL = YES;
				CLANG_ANALYZER_NUMBER_OBJECT_CONVERSION = YES_AGGRESSIVE;
				CLANG_CXX_LANGUAGE_STANDARD = "gnu++14";
				CLANG_CXX_LIBRARY = "libc++";
				CLANG_ENABLE_MODULES = YES;
				CLANG_ENABLE_OBJC_ARC = YES;
				CLANG_ENABLE_OBJC_WEAK = YES;
				CLANG_WARN_BLOCK_CAPTURE_AUTORELEASING = YES;
				CLANG_WARN_BOOL_CONVERSION = YES;
				CLANG_WARN_COMMA = YES;
				CLANG_WARN_CONSTANT_CONVERSION = YES;
				CLANG_WARN_DEPRECATED_OBJC_IMPLEMENTATIONS = YES;
				CLANG_WARN_DIRECT_OBJC_ISA_USAGE = YES_ERROR;
				CLANG_WARN_DOCUMENTATION_COMMENTS = YES;
				CLANG_WARN_EMPTY_BODY = YES;
				CLANG_WARN_ENUM_CONVERSION = YES;
				CLANG_WARN_INFINITE_RECURSION = YES;
				CLANG_WARN_INT_CONVERSION = YES;
				CLANG_WARN_NON_LITERAL_NULL_CONVERSION = YES;
				CLANG_WARN_OBJC_IMPLICIT_RETAIN_SELF = YES;
				CLANG_WARN_OBJC_LITERAL_CONVERSION = YES;
				CLANG_WARN_OBJC_ROOT_CLASS = YES_ERROR;
				CLANG_WARN_QUOTED_INCLUDE_IN_FRAMEWORK_HEADER = YES;
				CLANG_WARN_RANGE_LOOP_ANALYSIS = YES;
				CLANG_WARN_STRICT_PROTOTYPES = YES;
				CLANG_WARN_SUSPICIOUS_MOVE = YES;
				CLANG_WARN_UNGUARDED_AVAILABILITY = YES_AGGRESSIVE;
				CLANG_WARN_UNREACHABLE_CODE = YES;
				CLANG_WARN__DUPLICATE_METHOD_MATCH = YES;
				COPY_PHASE_STRIP = NO;
				DEBUG_INFORMATION_FORMAT = "dwarf-with-dsym";
				ENABLE_NS_ASSERTIONS = NO;
				ENABLE_STRICT_OBJC_MSGSEND = YES;
				GCC_C_LANGUAGE_STANDARD = gnu11;
				GCC_NO_COMMON_BLOCKS = YES;
				GCC_WARN_64_TO_32_BIT_CONVERSION = YES;
				GCC_WARN_ABOUT_RETURN_TYPE = YES_ERROR;
				GCC_WARN_UNDECLARED_SELECTOR = YES;
				GCC_WARN_UNINITIALIZED_AUTOS = YES_AGGRESSIVE;
				GCC_WARN_UNUSED_FUNCTION = YES;
				GCC_WARN_UNUSED_VARIABLE = YES;
				IPHONEOS_DEPLOYMENT_TARGET = 14.4;
				MTL_ENABLE_DEBUG_INFO = NO;
				MTL_FAST_MATH = YES;
				SDKROOT = iphoneos;
				SWIFT_COMPILATION_MODE = wholemodule;
				SWIFT_OPTIMIZATION_LEVEL = "-O";
				VALIDATE_PRODUCT = YES;
			};
			name = Release;
		};
		BF506BC826AA99C800985E24 /* Debug */ = {
			isa = XCBuildConfiguration;
			buildSettings = {
				ASSETCATALOG_COMPILER_APPICON_NAME = AppIcon;
				ASSETCATALOG_COMPILER_GLOBAL_ACCENT_COLOR_NAME = AccentColor;
				CODE_SIGN_STYLE = Automatic;
				INFOPLIST_FILE = Foodie/Info.plist;
				LD_RUNPATH_SEARCH_PATHS = (
					"$(inherited)",
					"@executable_path/Frameworks",
				);
				PRODUCT_BUNDLE_IDENTIFIER = com.minna.Foodie;
				PRODUCT_NAME = "$(TARGET_NAME)";
				SWIFT_VERSION = 5.0;
				TARGETED_DEVICE_FAMILY = "1,2";
			};
			name = Debug;
		};
		BF506BC926AA99C800985E24 /* Release */ = {
			isa = XCBuildConfiguration;
			buildSettings = {
				ASSETCATALOG_COMPILER_APPICON_NAME = AppIcon;
				ASSETCATALOG_COMPILER_GLOBAL_ACCENT_COLOR_NAME = AccentColor;
				CODE_SIGN_STYLE = Automatic;
				INFOPLIST_FILE = Foodie/Info.plist;
				LD_RUNPATH_SEARCH_PATHS = (
					"$(inherited)",
					"@executable_path/Frameworks",
				);
				PRODUCT_BUNDLE_IDENTIFIER = com.minna.Foodie;
				PRODUCT_NAME = "$(TARGET_NAME)";
				SWIFT_VERSION = 5.0;
				TARGETED_DEVICE_FAMILY = "1,2";
			};
			name = Release;
		};
/* End XCBuildConfiguration section */

/* Begin XCConfigurationList section */
		BF506BAE26AA99C600985E24 /* Build configuration list for PBXProject "Foodie" */ = {
			isa = XCConfigurationList;
			buildConfigurations = (
				BF506BC526AA99C800985E24 /* Debug */,
				BF506BC626AA99C800985E24 /* Release */,
			);
			defaultConfigurationIsVisible = 0;
			defaultConfigurationName = Release;
		};
		BF506BC726AA99C800985E24 /* Build configuration list for PBXNativeTarget "Foodie" */ = {
			isa = XCConfigurationList;
			buildConfigurations = (
				BF506BC826AA99C800985E24 /* Debug */,
				BF506BC926AA99C800985E24 /* Release */,
			);
			defaultConfigurationIsVisible = 0;
			defaultConfigurationName = Release;
		};
/* End XCConfigurationList section */

/* Begin XCVersionGroup section */
		BF506BFE26AAF28900985E24 /* Foodie.xcdatamodeld */ = {
			isa = XCVersionGroup;
			children = (
				BF506BFF26AAF28900985E24 /* Foodie.xcdatamodel */,
			);
			currentVersion = BF506BFF26AAF28900985E24 /* Foodie.xcdatamodel */;
			path = Foodie.xcdatamodeld;
			sourceTree = "<group>";
			versionGroupType = wrapper.xcdatamodel;
		};
/* End XCVersionGroup section */
	};
	rootObject = BF506BAB26AA99C600985E24 /* Project object */;
}
